PODS:
  - AFNetworking (4.0.1):
    - AFNetworking/NSURLSession (= 4.0.1)
    - AFNetworking/Reachability (= 4.0.1)
    - AFNetworking/Security (= 4.0.1)
    - AFNetworking/Serialization (= 4.0.1)
    - AFNetworking/UIKit (= 4.0.1)
  - AFNetworking/NSURLSession (4.0.1):
    - AFNetworking/Reachability
    - AFNetworking/Security
    - AFNetworking/Serialization
  - AFNetworking/Reachability (4.0.1)
  - AFNetworking/Security (4.0.1)
  - AFNetworking/Serialization (4.0.1)
  - AFNetworking/UIKit (4.0.1):
    - AFNetworking/NSURLSession
  - ATKit_ObjectC (0.2.0)
  - ATRefresh_ObjectC (0.1.0):
    - DZNEmptyDataSet (~> 1.8.1)
    - KVOController (~> 1.2.0)
    - MJRefresh (~> 3.4.3)
  - DZNEmptyDataSet (1.8.1)
  - EAIntroView (2.12.0):
    - EARestrictedScrollView (~> 1.1.0)
  - EARestrictedScrollView (1.1.0)
  - FDFullscreenPopGesture (1.1)
  - FMDB (2.7.5):
    - FMDB/standard (= 2.7.5)
  - FMDB/standard (2.7.5)
  - HWPanModal (0.7.3)
  - KLRecycleScrollView (1.1.5)
  - KVOController (1.2.0)
  - Masonry (1.1.0)
  - MBProgressHUD (1.1.0)
  - MJRefresh (3.4.3)
  - MMPopupView (1.7.3):
    - Masonry
  - SDCycleScrollView (1.80):
    - SDWebImage (>= 5.0.0)
  - SDWebImage (5.8.0):
    - SDWebImage/Core (= 5.8.0)
  - SDWebImage/Core (5.8.0)
  - UMAPM (1.1.0)
  - UMCCommon (7.2.5):
    - UMAPM
    - UMDevice
  - UMCCommonLog (2.0.0)
  - UMCShare/Core (6.10.1):
    - UMCCommon
  - UMCShare/Social/QQ (6.10.1):
    - UMCCommon
    - UMCShare/Core
    - UMCShare/Social/ReducedQQ
  - UMCShare/Social/ReducedQQ (6.10.1):
    - UMCCommon
    - UMCShare/Core
  - UMCShare/Social/ReducedWeChat (6.10.1):
    - UMCCommon
    - UMCShare/Core
  - UMCShare/Social/WeChat (6.10.1):
    - UMCCommon
    - UMCShare/Core
    - UMCShare/Social/ReducedWeChat
  - UMCShare/UI (6.10.1):
    - UMCCommon
    - UMCShare/Core
  - UMDevice (1.1.0)
  - VTMagic (1.2.4):
    - VTMagic/Core (= 1.2.4)
  - VTMagic/Core (1.2.4)
  - YNPageViewController (0.2.6)
  - YYKit (1.0.9):
    - YYKit/no-arc (= 1.0.9)
  - YYKit/no-arc (1.0.9)

DEPENDENCIES:
  - AFNetworking
  - ATKit_ObjectC (from `https://github.com/tianya2416/ATKit_ObjectC.git`)
  - ATRefresh_ObjectC (from `https://github.com/tianya2416/ATRefresh_ObjectC.git`)
  - EAIntroView
  - FDFullscreenPopGesture (= 1.1)
  - FMDB
  - HWPanModal
  - KLRecycleScrollView
  - Masonry
  - MBProgressHUD (from `https://github.com/tianya2416/MBProgress.git`)
  - MMPopupView (from `https://github.com/CoderLT/MMPopupView.git`)
  - SDCycleScrollView
  - SDWebImage
  - UMCCommonLog
  - UMCShare/Social/QQ
  - UMCShare/Social/WeChat
  - UMCShare/UI
  - VTMagic
  - YNPageViewController (from `https://gitee.com/tianya24/YNPageViewController.git`)
  - YYKit

SPEC REPOS:
  https://github.com/CocoaPods/Specs.git:
    - AFNetworking
    - DZNEmptyDataSet
    - EAIntroView
    - EARestrictedScrollView
    - FDFullscreenPopGesture
    - FMDB
    - HWPanModal
    - KLRecycleScrollView
    - KVOController
    - Masonry
    - MJRefresh
    - SDCycleScrollView
    - SDWebImage
    - UMAPM
    - UMCCommon
    - UMCCommonLog
    - UMCShare
    - UMDevice
    - VTMagic
    - YYKit

EXTERNAL SOURCES:
  ATKit_ObjectC:
    :git: https://github.com/tianya2416/ATKit_ObjectC.git
  ATRefresh_ObjectC:
    :git: https://github.com/tianya2416/ATRefresh_ObjectC.git
  MBProgressHUD:
    :git: https://github.com/tianya2416/MBProgress.git
  MMPopupView:
    :git: https://github.com/CoderLT/MMPopupView.git
  YNPageViewController:
    :git: https://gitee.com/tianya24/YNPageViewController.git

CHECKOUT OPTIONS:
  ATKit_ObjectC:
    :commit: 521e8cba3ee9317b1b7dc20183f3cd2490aac770
    :git: https://github.com/tianya2416/ATKit_ObjectC.git
  ATRefresh_ObjectC:
    :commit: e8aa8f2215fa91a658b81caa3b7c881b166d124b
    :git: https://github.com/tianya2416/ATRefresh_ObjectC.git
  MBProgressHUD:
    :commit: 9454198b351732bd4eb8cbd7658b6dd73e1e43c8
    :git: https://github.com/tianya2416/MBProgress.git
  MMPopupView:
    :commit: 3037fead755aae3b7fe86006a3041b24d2da719f
    :git: https://github.com/CoderLT/MMPopupView.git
  YNPageViewController:
    :commit: 9018ca54347f928f38626cfc567fce0d9149e58b
    :git: https://gitee.com/tianya24/YNPageViewController.git

SPEC CHECKSUMS:
  AFNetworking: 7864c38297c79aaca1500c33288e429c3451fdce
  ATKit_ObjectC: 205558bad000275e3e393dafb1fa98b683a9bfd4
  ATRefresh_ObjectC: b607792724107434b685e14477d0a05ad7536ff3
  DZNEmptyDataSet: 9525833b9e68ac21c30253e1d3d7076cc828eaa7
  EAIntroView: 249559079ddfdbe80e5bcb755c04c3b964b2ac27
  EARestrictedScrollView: b0c2a3f92fb2610bb44d71c5e4893777c89e45ef
  FDFullscreenPopGesture: a8a620179e3d9c40e8e00256dcee1c1a27c6d0f0
  FMDB: 2ce00b547f966261cd18927a3ddb07cb6f3db82a
  HWPanModal: b8725bae4e632f065c93d31574c9dd805c4fc6ac
  KLRecycleScrollView: 1dce1ccb7f94ec96b5c1973b568a2c5926d47c7c
  KVOController: d72ace34afea42468329623b3379ab3cd1d286b6
  Masonry: 678fab65091a9290e40e2832a55e7ab731aad201
  MBProgressHUD: 0f5bb58f04db85da16d8b9e9781df7f88cadd4ec
  MJRefresh: 53e3e3219f204425ee6d3e62e8733d3295944cd6
  MMPopupView: b717b7fe100707ef3fcd17c93b050e4b9d0a60da
  SDCycleScrollView: b3c9a5ed840c771c4938978174c7c9d9feefeb96
  SDWebImage: 84000f962cbfa70c07f19d2234cbfcf5d779b5dc
  UMAPM: 2b966cff744dccdd9e2ed99efafce280be30833c
  UMCCommon: f7480d316381612f90cdde3a3c0f39a7e2c0a788
  UMCCommonLog: 9b7ddde5d14a52fc1986ba5ac3121b8b2f433638
  UMCShare: 0846449c689e8bf6793a941b97f51f9afff927ef
  UMDevice: 28d21a568c8e8322e5a03bbd53b138d0c098d3b3
  VTMagic: b49e5f456dbcbfd9a3588ba92417233a105bc193
  YNPageViewController: 33040d429adf0b415d4449ffeec848d8339934ea
  YYKit: 7cda43304a8dc3696c449041e2cb3107b4e236e7

PODFILE CHECKSUM: 769921398aaa9cf8394a18dd045ce90811f075d3

COCOAPODS: 1.9.3
